
Microsoft Visual Studio Solution File, Format Version 12.00
# Visual Studio 15
VisualStudioVersion = 15.0.28307.1585
MinimumVisualStudioVersion = 10.0.40219.1
Project("{FAE04EC0-301F-11D3-BF4B-00C04F79EFBC}") = "NV.DetectionPlatform", "NV.DetectionPlatform\NV.DetectionPlatform.csproj", "{7CA946F6-569B-423C-9DC5-089FDCEF0C5D}"
EndProject
Project("{FAE04EC0-301F-11D3-BF4B-00C04F79EFBC}") = "NV.DetectionPlatform.Entity", "NV.DetectionPlatform.Entity\NV.DetectionPlatform.Entity.csproj", "{D0FA5DEE-B675-47CC-99F2-7F8E8E9FA9DC}"
EndProject
Project("{FAE04EC0-301F-11D3-BF4B-00C04F79EFBC}") = "NV.Config", "NV.Config\NV.Config.csproj", "{0565E9C0-A1BB-4DAF-8017-76D4F53C4913}"
EndProject
Project("{FAE04EC0-301F-11D3-BF4B-00C04F79EFBC}") = "Detector", "DetectorController\Detector.csproj", "{A534C639-2976-446F-90EC-B4F28DD47EDF}"
EndProject
Project("{FAE04EC0-301F-11D3-BF4B-00C04F79EFBC}") = "SerialPortController", "SerialPortController\SerialPortController.csproj", "{A7BADA4F-D672-4DC9-A075-434B4C2A15F5}"
EndProject
Project("{2150E333-8FDC-42A3-9474-1A3956D46DE8}") = "Extends", "Extends", "{D31562BC-C73E-4DF2-B845-2D11868DDF54}"
EndProject
Project("{54435603-DBB4-11D2-8724-00A0C9A8B90C}") = "XrayStudioSetup", "XrayStudioSetup\XrayStudioSetup.vdproj", "{89E04B58-F1A8-42AC-AE33-D787C69D4473}"
EndProject
Global
	GlobalSection(SolutionConfigurationPlatforms) = preSolution
		CD_ROM|Any CPU = CD_ROM|Any CPU
		CD_ROM|Mixed Platforms = CD_ROM|Mixed Platforms
		CD_ROM|Win32 = CD_ROM|Win32
		CD_ROM|x64 = CD_ROM|x64
		CD_ROM|x86 = CD_ROM|x86
		Debug|Any CPU = Debug|Any CPU
		Debug|Mixed Platforms = Debug|Mixed Platforms
		Debug|Win32 = Debug|Win32
		Debug|x64 = Debug|x64
		Debug|x86 = Debug|x86
		DVD-5|Any CPU = DVD-5|Any CPU
		DVD-5|Mixed Platforms = DVD-5|Mixed Platforms
		DVD-5|Win32 = DVD-5|Win32
		DVD-5|x64 = DVD-5|x64
		DVD-5|x86 = DVD-5|x86
		Release|Any CPU = Release|Any CPU
		Release|Mixed Platforms = Release|Mixed Platforms
		Release|Win32 = Release|Win32
		Release|x64 = Release|x64
		Release|x86 = Release|x86
		SingleImage|Any CPU = SingleImage|Any CPU
		SingleImage|Mixed Platforms = SingleImage|Mixed Platforms
		SingleImage|Win32 = SingleImage|Win32
		SingleImage|x64 = SingleImage|x64
		SingleImage|x86 = SingleImage|x86
	EndGlobalSection
	GlobalSection(ProjectConfigurationPlatforms) = postSolution
		{7CA946F6-569B-423C-9DC5-089FDCEF0C5D}.CD_ROM|Any CPU.ActiveCfg = Release|Any CPU
		{7CA946F6-569B-423C-9DC5-089FDCEF0C5D}.CD_ROM|Any CPU.Build.0 = Release|Any CPU
		{7CA946F6-569B-423C-9DC5-089FDCEF0C5D}.CD_ROM|Mixed Platforms.ActiveCfg = Release|Any CPU
		{7CA946F6-569B-423C-9DC5-089FDCEF0C5D}.CD_ROM|Mixed Platforms.Build.0 = Release|Any CPU
		{7CA946F6-569B-423C-9DC5-089FDCEF0C5D}.CD_ROM|Win32.ActiveCfg = Release|Any CPU
		{7CA946F6-569B-423C-9DC5-089FDCEF0C5D}.CD_ROM|x64.ActiveCfg = Release|Any CPU
		{7CA946F6-569B-423C-9DC5-089FDCEF0C5D}.CD_ROM|x86.ActiveCfg = Release|Any CPU
		{7CA946F6-569B-423C-9DC5-089FDCEF0C5D}.Debug|Any CPU.ActiveCfg = Debug|Any CPU
		{7CA946F6-569B-423C-9DC5-089FDCEF0C5D}.Debug|Any CPU.Build.0 = Debug|Any CPU
		{7CA946F6-569B-423C-9DC5-089FDCEF0C5D}.Debug|Mixed Platforms.ActiveCfg = Debug|Any CPU
		{7CA946F6-569B-423C-9DC5-089FDCEF0C5D}.Debug|Mixed Platforms.Build.0 = Debug|Any CPU
		{7CA946F6-569B-423C-9DC5-089FDCEF0C5D}.Debug|Win32.ActiveCfg = Debug|Any CPU
		{7CA946F6-569B-423C-9DC5-089FDCEF0C5D}.Debug|x64.ActiveCfg = Debug|Any CPU
		{7CA946F6-569B-423C-9DC5-089FDCEF0C5D}.Debug|x64.Build.0 = Debug|Any CPU
		{7CA946F6-569B-423C-9DC5-089FDCEF0C5D}.Debug|x86.ActiveCfg = Debug|Any CPU
		{7CA946F6-569B-423C-9DC5-089FDCEF0C5D}.DVD-5|Any CPU.ActiveCfg = Debug|Any CPU
		{7CA946F6-569B-423C-9DC5-089FDCEF0C5D}.DVD-5|Any CPU.Build.0 = Debug|Any CPU
		{7CA946F6-569B-423C-9DC5-089FDCEF0C5D}.DVD-5|Mixed Platforms.ActiveCfg = Debug|Any CPU
		{7CA946F6-569B-423C-9DC5-089FDCEF0C5D}.DVD-5|Mixed Platforms.Build.0 = Debug|Any CPU
		{7CA946F6-569B-423C-9DC5-089FDCEF0C5D}.DVD-5|Win32.ActiveCfg = Debug|Any CPU
		{7CA946F6-569B-423C-9DC5-089FDCEF0C5D}.DVD-5|x64.ActiveCfg = Debug|Any CPU
		{7CA946F6-569B-423C-9DC5-089FDCEF0C5D}.DVD-5|x86.ActiveCfg = Debug|Any CPU
		{7CA946F6-569B-423C-9DC5-089FDCEF0C5D}.Release|Any CPU.ActiveCfg = Release|Any CPU
		{7CA946F6-569B-423C-9DC5-089FDCEF0C5D}.Release|Any CPU.Build.0 = Release|Any CPU
		{7CA946F6-569B-423C-9DC5-089FDCEF0C5D}.Release|Mixed Platforms.ActiveCfg = Release|Any CPU
		{7CA946F6-569B-423C-9DC5-089FDCEF0C5D}.Release|Mixed Platforms.Build.0 = Release|Any CPU
		{7CA946F6-569B-423C-9DC5-089FDCEF0C5D}.Release|Win32.ActiveCfg = Release|x86
		{7CA946F6-569B-423C-9DC5-089FDCEF0C5D}.Release|Win32.Build.0 = Release|x86
		{7CA946F6-569B-423C-9DC5-089FDCEF0C5D}.Release|x64.ActiveCfg = Release|Any CPU
		{7CA946F6-569B-423C-9DC5-089FDCEF0C5D}.Release|x64.Build.0 = Release|Any CPU
		{7CA946F6-569B-423C-9DC5-089FDCEF0C5D}.Release|x86.ActiveCfg = Release|Any CPU
		{7CA946F6-569B-423C-9DC5-089FDCEF0C5D}.SingleImage|Any CPU.ActiveCfg = Release|Any CPU
		{7CA946F6-569B-423C-9DC5-089FDCEF0C5D}.SingleImage|Any CPU.Build.0 = Release|Any CPU
		{7CA946F6-569B-423C-9DC5-089FDCEF0C5D}.SingleImage|Mixed Platforms.ActiveCfg = Release|Any CPU
		{7CA946F6-569B-423C-9DC5-089FDCEF0C5D}.SingleImage|Mixed Platforms.Build.0 = Release|Any CPU
		{7CA946F6-569B-423C-9DC5-089FDCEF0C5D}.SingleImage|Win32.ActiveCfg = Release|Any CPU
		{7CA946F6-569B-423C-9DC5-089FDCEF0C5D}.SingleImage|x64.ActiveCfg = Release|Any CPU
		{7CA946F6-569B-423C-9DC5-089FDCEF0C5D}.SingleImage|x86.ActiveCfg = Release|Any CPU
		{D0FA5DEE-B675-47CC-99F2-7F8E8E9FA9DC}.CD_ROM|Any CPU.ActiveCfg = Release|Any CPU
		{D0FA5DEE-B675-47CC-99F2-7F8E8E9FA9DC}.CD_ROM|Any CPU.Build.0 = Release|Any CPU
		{D0FA5DEE-B675-47CC-99F2-7F8E8E9FA9DC}.CD_ROM|Mixed Platforms.ActiveCfg = Release|Any CPU
		{D0FA5DEE-B675-47CC-99F2-7F8E8E9FA9DC}.CD_ROM|Mixed Platforms.Build.0 = Release|Any CPU
		{D0FA5DEE-B675-47CC-99F2-7F8E8E9FA9DC}.CD_ROM|Win32.ActiveCfg = Release|Any CPU
		{D0FA5DEE-B675-47CC-99F2-7F8E8E9FA9DC}.CD_ROM|x64.ActiveCfg = Release|Any CPU
		{D0FA5DEE-B675-47CC-99F2-7F8E8E9FA9DC}.CD_ROM|x86.ActiveCfg = Release|Any CPU
		{D0FA5DEE-B675-47CC-99F2-7F8E8E9FA9DC}.Debug|Any CPU.ActiveCfg = Debug|Any CPU
		{D0FA5DEE-B675-47CC-99F2-7F8E8E9FA9DC}.Debug|Any CPU.Build.0 = Debug|Any CPU
		{D0FA5DEE-B675-47CC-99F2-7F8E8E9FA9DC}.Debug|Mixed Platforms.ActiveCfg = Debug|Any CPU
		{D0FA5DEE-B675-47CC-99F2-7F8E8E9FA9DC}.Debug|Mixed Platforms.Build.0 = Debug|Any CPU
		{D0FA5DEE-B675-47CC-99F2-7F8E8E9FA9DC}.Debug|Win32.ActiveCfg = Debug|Any CPU
		{D0FA5DEE-B675-47CC-99F2-7F8E8E9FA9DC}.Debug|x64.ActiveCfg = Debug|Any CPU
		{D0FA5DEE-B675-47CC-99F2-7F8E8E9FA9DC}.Debug|x64.Build.0 = Debug|Any CPU
		{D0FA5DEE-B675-47CC-99F2-7F8E8E9FA9DC}.Debug|x86.ActiveCfg = Debug|Any CPU
		{D0FA5DEE-B675-47CC-99F2-7F8E8E9FA9DC}.DVD-5|Any CPU.ActiveCfg = Debug|Any CPU
		{D0FA5DEE-B675-47CC-99F2-7F8E8E9FA9DC}.DVD-5|Any CPU.Build.0 = Debug|Any CPU
		{D0FA5DEE-B675-47CC-99F2-7F8E8E9FA9DC}.DVD-5|Mixed Platforms.ActiveCfg = Debug|Any CPU
		{D0FA5DEE-B675-47CC-99F2-7F8E8E9FA9DC}.DVD-5|Mixed Platforms.Build.0 = Debug|Any CPU
		{D0FA5DEE-B675-47CC-99F2-7F8E8E9FA9DC}.DVD-5|Win32.ActiveCfg = Debug|Any CPU
		{D0FA5DEE-B675-47CC-99F2-7F8E8E9FA9DC}.DVD-5|x64.ActiveCfg = Debug|Any CPU
		{D0FA5DEE-B675-47CC-99F2-7F8E8E9FA9DC}.DVD-5|x86.ActiveCfg = Debug|Any CPU
		{D0FA5DEE-B675-47CC-99F2-7F8E8E9FA9DC}.Release|Any CPU.ActiveCfg = Release|Any CPU
		{D0FA5DEE-B675-47CC-99F2-7F8E8E9FA9DC}.Release|Any CPU.Build.0 = Release|Any CPU
		{D0FA5DEE-B675-47CC-99F2-7F8E8E9FA9DC}.Release|Mixed Platforms.ActiveCfg = Release|Any CPU
		{D0FA5DEE-B675-47CC-99F2-7F8E8E9FA9DC}.Release|Mixed Platforms.Build.0 = Release|Any CPU
		{D0FA5DEE-B675-47CC-99F2-7F8E8E9FA9DC}.Release|Win32.ActiveCfg = Release|x86
		{D0FA5DEE-B675-47CC-99F2-7F8E8E9FA9DC}.Release|Win32.Build.0 = Release|x86
		{D0FA5DEE-B675-47CC-99F2-7F8E8E9FA9DC}.Release|x64.ActiveCfg = Release|Any CPU
		{D0FA5DEE-B675-47CC-99F2-7F8E8E9FA9DC}.Release|x64.Build.0 = Release|Any CPU
		{D0FA5DEE-B675-47CC-99F2-7F8E8E9FA9DC}.Release|x86.ActiveCfg = Release|Any CPU
		{D0FA5DEE-B675-47CC-99F2-7F8E8E9FA9DC}.SingleImage|Any CPU.ActiveCfg = Release|Any CPU
		{D0FA5DEE-B675-47CC-99F2-7F8E8E9FA9DC}.SingleImage|Any CPU.Build.0 = Release|Any CPU
		{D0FA5DEE-B675-47CC-99F2-7F8E8E9FA9DC}.SingleImage|Mixed Platforms.ActiveCfg = Release|Any CPU
		{D0FA5DEE-B675-47CC-99F2-7F8E8E9FA9DC}.SingleImage|Mixed Platforms.Build.0 = Release|Any CPU
		{D0FA5DEE-B675-47CC-99F2-7F8E8E9FA9DC}.SingleImage|Win32.ActiveCfg = Release|Any CPU
		{D0FA5DEE-B675-47CC-99F2-7F8E8E9FA9DC}.SingleImage|x64.ActiveCfg = Release|Any CPU
		{D0FA5DEE-B675-47CC-99F2-7F8E8E9FA9DC}.SingleImage|x86.ActiveCfg = Release|Any CPU
		{0565E9C0-A1BB-4DAF-8017-76D4F53C4913}.CD_ROM|Any CPU.ActiveCfg = Release|Any CPU
		{0565E9C0-A1BB-4DAF-8017-76D4F53C4913}.CD_ROM|Any CPU.Build.0 = Release|Any CPU
		{0565E9C0-A1BB-4DAF-8017-76D4F53C4913}.CD_ROM|Mixed Platforms.ActiveCfg = Release|Any CPU
		{0565E9C0-A1BB-4DAF-8017-76D4F53C4913}.CD_ROM|Mixed Platforms.Build.0 = Release|Any CPU
		{0565E9C0-A1BB-4DAF-8017-76D4F53C4913}.CD_ROM|Win32.ActiveCfg = Release|Any CPU
		{0565E9C0-A1BB-4DAF-8017-76D4F53C4913}.CD_ROM|x64.ActiveCfg = Release|Any CPU
		{0565E9C0-A1BB-4DAF-8017-76D4F53C4913}.CD_ROM|x86.ActiveCfg = Release|Any CPU
		{0565E9C0-A1BB-4DAF-8017-76D4F53C4913}.Debug|Any CPU.ActiveCfg = Debug|Any CPU
		{0565E9C0-A1BB-4DAF-8017-76D4F53C4913}.Debug|Any CPU.Build.0 = Debug|Any CPU
		{0565E9C0-A1BB-4DAF-8017-76D4F53C4913}.Debug|Mixed Platforms.ActiveCfg = Debug|Any CPU
		{0565E9C0-A1BB-4DAF-8017-76D4F53C4913}.Debug|Mixed Platforms.Build.0 = Debug|Any CPU
		{0565E9C0-A1BB-4DAF-8017-76D4F53C4913}.Debug|Win32.ActiveCfg = Debug|Any CPU
		{0565E9C0-A1BB-4DAF-8017-76D4F53C4913}.Debug|x64.ActiveCfg = Debug|Any CPU
		{0565E9C0-A1BB-4DAF-8017-76D4F53C4913}.Debug|x64.Build.0 = Debug|Any CPU
		{0565E9C0-A1BB-4DAF-8017-76D4F53C4913}.Debug|x86.ActiveCfg = Debug|Any CPU
		{0565E9C0-A1BB-4DAF-8017-76D4F53C4913}.DVD-5|Any CPU.ActiveCfg = Debug|Any CPU
		{0565E9C0-A1BB-4DAF-8017-76D4F53C4913}.DVD-5|Any CPU.Build.0 = Debug|Any CPU
		{0565E9C0-A1BB-4DAF-8017-76D4F53C4913}.DVD-5|Mixed Platforms.ActiveCfg = Debug|Any CPU
		{0565E9C0-A1BB-4DAF-8017-76D4F53C4913}.DVD-5|Mixed Platforms.Build.0 = Debug|Any CPU
		{0565E9C0-A1BB-4DAF-8017-76D4F53C4913}.DVD-5|Win32.ActiveCfg = Debug|Any CPU
		{0565E9C0-A1BB-4DAF-8017-76D4F53C4913}.DVD-5|x64.ActiveCfg = Debug|Any CPU
		{0565E9C0-A1BB-4DAF-8017-76D4F53C4913}.DVD-5|x86.ActiveCfg = Debug|Any CPU
		{0565E9C0-A1BB-4DAF-8017-76D4F53C4913}.Release|Any CPU.ActiveCfg = Release|Any CPU
		{0565E9C0-A1BB-4DAF-8017-76D4F53C4913}.Release|Any CPU.Build.0 = Release|Any CPU
		{0565E9C0-A1BB-4DAF-8017-76D4F53C4913}.Release|Mixed Platforms.ActiveCfg = Release|Any CPU
		{0565E9C0-A1BB-4DAF-8017-76D4F53C4913}.Release|Mixed Platforms.Build.0 = Release|Any CPU
		{0565E9C0-A1BB-4DAF-8017-76D4F53C4913}.Release|Win32.ActiveCfg = Release|x86
		{0565E9C0-A1BB-4DAF-8017-76D4F53C4913}.Release|Win32.Build.0 = Release|x86
		{0565E9C0-A1BB-4DAF-8017-76D4F53C4913}.Release|x64.ActiveCfg = Release|Any CPU
		{0565E9C0-A1BB-4DAF-8017-76D4F53C4913}.Release|x64.Build.0 = Release|Any CPU
		{0565E9C0-A1BB-4DAF-8017-76D4F53C4913}.Release|x86.ActiveCfg = Release|Any CPU
		{0565E9C0-A1BB-4DAF-8017-76D4F53C4913}.SingleImage|Any CPU.ActiveCfg = Release|Any CPU
		{0565E9C0-A1BB-4DAF-8017-76D4F53C4913}.SingleImage|Any CPU.Build.0 = Release|Any CPU
		{0565E9C0-A1BB-4DAF-8017-76D4F53C4913}.SingleImage|Mixed Platforms.ActiveCfg = Release|Any CPU
		{0565E9C0-A1BB-4DAF-8017-76D4F53C4913}.SingleImage|Mixed Platforms.Build.0 = Release|Any CPU
		{0565E9C0-A1BB-4DAF-8017-76D4F53C4913}.SingleImage|Win32.ActiveCfg = Release|Any CPU
		{0565E9C0-A1BB-4DAF-8017-76D4F53C4913}.SingleImage|x64.ActiveCfg = Release|Any CPU
		{0565E9C0-A1BB-4DAF-8017-76D4F53C4913}.SingleImage|x86.ActiveCfg = Release|Any CPU
		{A534C639-2976-446F-90EC-B4F28DD47EDF}.CD_ROM|Any CPU.ActiveCfg = Release|Any CPU
		{A534C639-2976-446F-90EC-B4F28DD47EDF}.CD_ROM|Any CPU.Build.0 = Release|Any CPU
		{A534C639-2976-446F-90EC-B4F28DD47EDF}.CD_ROM|Mixed Platforms.ActiveCfg = Release|Any CPU
		{A534C639-2976-446F-90EC-B4F28DD47EDF}.CD_ROM|Mixed Platforms.Build.0 = Release|Any CPU
		{A534C639-2976-446F-90EC-B4F28DD47EDF}.CD_ROM|Win32.ActiveCfg = Release|Any CPU
		{A534C639-2976-446F-90EC-B4F28DD47EDF}.CD_ROM|x64.ActiveCfg = Release|Any CPU
		{A534C639-2976-446F-90EC-B4F28DD47EDF}.CD_ROM|x86.ActiveCfg = Release|Any CPU
		{A534C639-2976-446F-90EC-B4F28DD47EDF}.Debug|Any CPU.ActiveCfg = Debug|Any CPU
		{A534C639-2976-446F-90EC-B4F28DD47EDF}.Debug|Any CPU.Build.0 = Debug|Any CPU
		{A534C639-2976-446F-90EC-B4F28DD47EDF}.Debug|Mixed Platforms.ActiveCfg = Debug|Any CPU
		{A534C639-2976-446F-90EC-B4F28DD47EDF}.Debug|Mixed Platforms.Build.0 = Debug|Any CPU
		{A534C639-2976-446F-90EC-B4F28DD47EDF}.Debug|Win32.ActiveCfg = Debug|Any CPU
		{A534C639-2976-446F-90EC-B4F28DD47EDF}.Debug|x64.ActiveCfg = Debug|Any CPU
		{A534C639-2976-446F-90EC-B4F28DD47EDF}.Debug|x64.Build.0 = Debug|Any CPU
		{A534C639-2976-446F-90EC-B4F28DD47EDF}.Debug|x86.ActiveCfg = Debug|Any CPU
		{A534C639-2976-446F-90EC-B4F28DD47EDF}.DVD-5|Any CPU.ActiveCfg = Debug|Any CPU
		{A534C639-2976-446F-90EC-B4F28DD47EDF}.DVD-5|Any CPU.Build.0 = Debug|Any CPU
		{A534C639-2976-446F-90EC-B4F28DD47EDF}.DVD-5|Mixed Platforms.ActiveCfg = Debug|Any CPU
		{A534C639-2976-446F-90EC-B4F28DD47EDF}.DVD-5|Mixed Platforms.Build.0 = Debug|Any CPU
		{A534C639-2976-446F-90EC-B4F28DD47EDF}.DVD-5|Win32.ActiveCfg = Debug|Any CPU
		{A534C639-2976-446F-90EC-B4F28DD47EDF}.DVD-5|x64.ActiveCfg = Debug|Any CPU
		{A534C639-2976-446F-90EC-B4F28DD47EDF}.DVD-5|x86.ActiveCfg = Debug|Any CPU
		{A534C639-2976-446F-90EC-B4F28DD47EDF}.Release|Any CPU.ActiveCfg = Release|Any CPU
		{A534C639-2976-446F-90EC-B4F28DD47EDF}.Release|Any CPU.Build.0 = Release|Any CPU
		{A534C639-2976-446F-90EC-B4F28DD47EDF}.Release|Mixed Platforms.ActiveCfg = Release|Any CPU
		{A534C639-2976-446F-90EC-B4F28DD47EDF}.Release|Mixed Platforms.Build.0 = Release|Any CPU
		{A534C639-2976-446F-90EC-B4F28DD47EDF}.Release|Win32.ActiveCfg = Release|x86
		{A534C639-2976-446F-90EC-B4F28DD47EDF}.Release|Win32.Build.0 = Release|x86
		{A534C639-2976-446F-90EC-B4F28DD47EDF}.Release|x64.ActiveCfg = Release|Any CPU
		{A534C639-2976-446F-90EC-B4F28DD47EDF}.Release|x64.Build.0 = Release|Any CPU
		{A534C639-2976-446F-90EC-B4F28DD47EDF}.Release|x86.ActiveCfg = Release|Any CPU
		{A534C639-2976-446F-90EC-B4F28DD47EDF}.SingleImage|Any CPU.ActiveCfg = Release|Any CPU
		{A534C639-2976-446F-90EC-B4F28DD47EDF}.SingleImage|Any CPU.Build.0 = Release|Any CPU
		{A534C639-2976-446F-90EC-B4F28DD47EDF}.SingleImage|Mixed Platforms.ActiveCfg = Release|Any CPU
		{A534C639-2976-446F-90EC-B4F28DD47EDF}.SingleImage|Mixed Platforms.Build.0 = Release|Any CPU
		{A534C639-2976-446F-90EC-B4F28DD47EDF}.SingleImage|Win32.ActiveCfg = Release|Any CPU
		{A534C639-2976-446F-90EC-B4F28DD47EDF}.SingleImage|x64.ActiveCfg = Release|Any CPU
		{A534C639-2976-446F-90EC-B4F28DD47EDF}.SingleImage|x86.ActiveCfg = Release|Any CPU
		{A7BADA4F-D672-4DC9-A075-434B4C2A15F5}.CD_ROM|Any CPU.ActiveCfg = Release|Any CPU
		{A7BADA4F-D672-4DC9-A075-434B4C2A15F5}.CD_ROM|Any CPU.Build.0 = Release|Any CPU
		{A7BADA4F-D672-4DC9-A075-434B4C2A15F5}.CD_ROM|Mixed Platforms.ActiveCfg = Release|Any CPU
		{A7BADA4F-D672-4DC9-A075-434B4C2A15F5}.CD_ROM|Mixed Platforms.Build.0 = Release|Any CPU
		{A7BADA4F-D672-4DC9-A075-434B4C2A15F5}.CD_ROM|Win32.ActiveCfg = Release|Any CPU
		{A7BADA4F-D672-4DC9-A075-434B4C2A15F5}.CD_ROM|x64.ActiveCfg = Release|Any CPU
		{A7BADA4F-D672-4DC9-A075-434B4C2A15F5}.CD_ROM|x86.ActiveCfg = Release|Any CPU
		{A7BADA4F-D672-4DC9-A075-434B4C2A15F5}.Debug|Any CPU.ActiveCfg = Debug|Any CPU
		{A7BADA4F-D672-4DC9-A075-434B4C2A15F5}.Debug|Any CPU.Build.0 = Debug|Any CPU
		{A7BADA4F-D672-4DC9-A075-434B4C2A15F5}.Debug|Mixed Platforms.ActiveCfg = Debug|Any CPU
		{A7BADA4F-D672-4DC9-A075-434B4C2A15F5}.Debug|Mixed Platforms.Build.0 = Debug|Any CPU
		{A7BADA4F-D672-4DC9-A075-434B4C2A15F5}.Debug|Win32.ActiveCfg = Debug|Any CPU
		{A7BADA4F-D672-4DC9-A075-434B4C2A15F5}.Debug|x64.ActiveCfg = Debug|Any CPU
		{A7BADA4F-D672-4DC9-A075-434B4C2A15F5}.Debug|x64.Build.0 = Debug|Any CPU
		{A7BADA4F-D672-4DC9-A075-434B4C2A15F5}.Debug|x86.ActiveCfg = Debug|Any CPU
		{A7BADA4F-D672-4DC9-A075-434B4C2A15F5}.DVD-5|Any CPU.ActiveCfg = Debug|Any CPU
		{A7BADA4F-D672-4DC9-A075-434B4C2A15F5}.DVD-5|Any CPU.Build.0 = Debug|Any CPU
		{A7BADA4F-D672-4DC9-A075-434B4C2A15F5}.DVD-5|Mixed Platforms.ActiveCfg = Debug|Any CPU
		{A7BADA4F-D672-4DC9-A075-434B4C2A15F5}.DVD-5|Mixed Platforms.Build.0 = Debug|Any CPU
		{A7BADA4F-D672-4DC9-A075-434B4C2A15F5}.DVD-5|Win32.ActiveCfg = Debug|Any CPU
		{A7BADA4F-D672-4DC9-A075-434B4C2A15F5}.DVD-5|x64.ActiveCfg = Debug|Any CPU
		{A7BADA4F-D672-4DC9-A075-434B4C2A15F5}.DVD-5|x86.ActiveCfg = Debug|Any CPU
		{A7BADA4F-D672-4DC9-A075-434B4C2A15F5}.Release|Any CPU.ActiveCfg = Release|Any CPU
		{A7BADA4F-D672-4DC9-A075-434B4C2A15F5}.Release|Any CPU.Build.0 = Release|Any CPU
		{A7BADA4F-D672-4DC9-A075-434B4C2A15F5}.Release|Mixed Platforms.ActiveCfg = Release|Any CPU
		{A7BADA4F-D672-4DC9-A075-434B4C2A15F5}.Release|Mixed Platforms.Build.0 = Release|Any CPU
		{A7BADA4F-D672-4DC9-A075-434B4C2A15F5}.Release|Win32.ActiveCfg = Release|x86
		{A7BADA4F-D672-4DC9-A075-434B4C2A15F5}.Release|Win32.Build.0 = Release|x86
		{A7BADA4F-D672-4DC9-A075-434B4C2A15F5}.Release|x64.ActiveCfg = Release|Any CPU
		{A7BADA4F-D672-4DC9-A075-434B4C2A15F5}.Release|x64.Build.0 = Release|Any CPU
		{A7BADA4F-D672-4DC9-A075-434B4C2A15F5}.Release|x86.ActiveCfg = Release|Any CPU
		{A7BADA4F-D672-4DC9-A075-434B4C2A15F5}.SingleImage|Any CPU.ActiveCfg = Release|Any CPU
		{A7BADA4F-D672-4DC9-A075-434B4C2A15F5}.SingleImage|Any CPU.Build.0 = Release|Any CPU
		{A7BADA4F-D672-4DC9-A075-434B4C2A15F5}.SingleImage|Mixed Platforms.ActiveCfg = Release|Any CPU
		{A7BADA4F-D672-4DC9-A075-434B4C2A15F5}.SingleImage|Mixed Platforms.Build.0 = Release|Any CPU
		{A7BADA4F-D672-4DC9-A075-434B4C2A15F5}.SingleImage|Win32.ActiveCfg = Release|Any CPU
		{A7BADA4F-D672-4DC9-A075-434B4C2A15F5}.SingleImage|x64.ActiveCfg = Release|Any CPU
		{A7BADA4F-D672-4DC9-A075-434B4C2A15F5}.SingleImage|x86.ActiveCfg = Release|Any CPU
		{89E04B58-F1A8-42AC-AE33-D787C69D4473}.CD_ROM|Any CPU.ActiveCfg = Release
		{89E04B58-F1A8-42AC-AE33-D787C69D4473}.CD_ROM|Mixed Platforms.ActiveCfg = Release
		{89E04B58-F1A8-42AC-AE33-D787C69D4473}.CD_ROM|Win32.ActiveCfg = Release
		{89E04B58-F1A8-42AC-AE33-D787C69D4473}.CD_ROM|x64.ActiveCfg = Release
		{89E04B58-F1A8-42AC-AE33-D787C69D4473}.CD_ROM|x86.ActiveCfg = Release
		{89E04B58-F1A8-42AC-AE33-D787C69D4473}.Debug|Any CPU.ActiveCfg = Debug
		{89E04B58-F1A8-42AC-AE33-D787C69D4473}.Debug|Mixed Platforms.ActiveCfg = Debug
		{89E04B58-F1A8-42AC-AE33-D787C69D4473}.Debug|Win32.ActiveCfg = Debug
		{89E04B58-F1A8-42AC-AE33-D787C69D4473}.Debug|x64.ActiveCfg = Debug
		{89E04B58-F1A8-42AC-AE33-D787C69D4473}.Debug|x86.ActiveCfg = Debug
		{89E04B58-F1A8-42AC-AE33-D787C69D4473}.DVD-5|Any CPU.ActiveCfg = Debug
		{89E04B58-F1A8-42AC-AE33-D787C69D4473}.DVD-5|Mixed Platforms.ActiveCfg = Debug
		{89E04B58-F1A8-42AC-AE33-D787C69D4473}.DVD-5|Win32.ActiveCfg = Debug
		{89E04B58-F1A8-42AC-AE33-D787C69D4473}.DVD-5|x64.ActiveCfg = Debug
		{89E04B58-F1A8-42AC-AE33-D787C69D4473}.DVD-5|x86.ActiveCfg = Debug
		{89E04B58-F1A8-42AC-AE33-D787C69D4473}.Release|Any CPU.ActiveCfg = Release
		{89E04B58-F1A8-42AC-AE33-D787C69D4473}.Release|Mixed Platforms.ActiveCfg = Release
		{89E04B58-F1A8-42AC-AE33-D787C69D4473}.Release|Win32.ActiveCfg = Release
		{89E04B58-F1A8-42AC-AE33-D787C69D4473}.Release|x64.ActiveCfg = Release
		{89E04B58-F1A8-42AC-AE33-D787C69D4473}.Release|x86.ActiveCfg = Release
		{89E04B58-F1A8-42AC-AE33-D787C69D4473}.SingleImage|Any CPU.ActiveCfg = Release
		{89E04B58-F1A8-42AC-AE33-D787C69D4473}.SingleImage|Mixed Platforms.ActiveCfg = Release
		{89E04B58-F1A8-42AC-AE33-D787C69D4473}.SingleImage|Win32.ActiveCfg = Release
		{89E04B58-F1A8-42AC-AE33-D787C69D4473}.SingleImage|x64.ActiveCfg = Release
		{89E04B58-F1A8-42AC-AE33-D787C69D4473}.SingleImage|x86.ActiveCfg = Release
	EndGlobalSection
	GlobalSection(SolutionProperties) = preSolution
		HideSolutionNode = FALSE
	EndGlobalSection
	GlobalSection(ExtensibilityGlobals) = postSolution
		SolutionGuid = {D178115A-4526-4551-95C0-1CD0B3A614B9}
	EndGlobalSection
EndGlobal
